lockfileVersion: '9.0'

settings:
  autoInstallPeers: true
  excludeLinksFromLockfile: false

importers:

  .:
    devDependencies:
      esbuild:
        specifier: 0.25.11
        version: 0.25.11
      oxfmt:
        specifier: 0.56.0
        version: 0.56.0
      oxlint:
        specifier: 1.71.0
        version: 1.71.0(oxlint-tsgolint@0.23.0)
      oxlint-tsgolint:
        specifier: 0.23.0
        version: 0.23.0
      react:
        specifier: 18.3.1
        version: 18.3.1
      react-test-renderer:
        specifier: 18.3.1
        version: 18.3.1(react@18.3.1)

packages:

  '@esbuild/aix-ppc64@0.25.11':
    resolution: {integrity: sha512-Xt1dOL13m8u0WE8iplx9Ibbm+hFAO0GsU2P34UNoDGvZYkY8ifSiy6Zuc1lYxfG7svWE2fzqCUmFp5HCn51gJg==}
    engines: {node: '>=18'}
    cpu: [ppc64]
    os: [aix]

  '@esbuild/android-arm64@0.25.11':
    resolution: {integrity: sha512-9slpyFBc4FPPz48+f6jyiXOx/Y4v34TUeDDXJpZqAWQn/08lKGeD8aDp9TMn9jDz2CiEuHwfhRmGBvpnd/PWIQ==}
    engines: {node: '>=18'}
    cpu: [arm64]
    os: [android]

  '@esbuild/android-arm@0.25.11':
    resolution: {integrity: sha512-uoa7dU+Dt3HYsethkJ1k6Z9YdcHjTrSb5NUy66ZfZaSV8hEYGD5ZHbEMXnqLFlbBflLsl89Zke7CAdDJ4JI+Gg==}
    engines: {node: '>=18'}
    cpu: [arm]
    os: [android]

  '@esbuild/android-x64@0.25.11':
    resolution: {integrity: sha512-Sgiab4xBjPU1QoPEIqS3Xx+R2lezu0LKIEcYe6pftr56PqPygbB7+szVnzoShbx64MUupqoE0KyRlN7gezbl8g==}
    engines: {node: '>=18'}
    cpu: [x64]
    os: [android]

  '@esbuild/darwin-arm64@0.25.11':
    resolution: {integrity: sha512-VekY0PBCukppoQrycFxUqkCojnTQhdec0vevUL/EDOCnXd9LKWqD/bHwMPzigIJXPhC59Vd1WFIL57SKs2mg4w==}
    engines: {node: '>=18'}
    cpu: [arm64]
    os: [darwin]

  '@esbuild/darwin-x64@0.25.11':
    resolution: {integrity: sha512-+hfp3yfBalNEpTGp9loYgbknjR695HkqtY3d3/JjSRUyPg/xd6q+mQqIb5qdywnDxRZykIHs3axEqU6l1+oWEQ==}
    engines: {node: '>=18'}
    cpu: [x64]
    os: [darwin]

  '@esbuild/freebsd-arm64@0.25.11':
    resolution: {integrity: sha512-CmKjrnayyTJF2eVuO//uSjl/K3KsMIeYeyN7FyDBjsR3lnSJHaXlVoAK8DZa7lXWChbuOk7NjAc7ygAwrnPBhA==}
    engines: {node: '>=18'}
    cpu: [arm64]
    os: [freebsd]

  '@esbuild/freebsd-x64@0.25.11':
    resolution: {integrity: sha512-Dyq+5oscTJvMaYPvW3x3FLpi2+gSZTCE/1ffdwuM6G1ARang/mb3jvjxs0mw6n3Lsw84ocfo9CrNMqc5lTfGOw==}
    engines: {node: '>=18'}
    cpu: [x64]
    os: [freebsd]

  '@esbuild/linux-arm64@0.25.11':
    resolution: {integrity: sha512-Qr8AzcplUhGvdyUF08A1kHU3Vr2O88xxP0Tm8GcdVOUm25XYcMPp2YqSVHbLuXzYQMf9Bh/iKx7YPqECs6ffLA==}
    engines: {node: '>=18'}
    cpu: [arm64]
    os: [linux]

  '@esbuild/linux-arm@0.25.11':
    resolution: {integrity: sha512-TBMv6B4kCfrGJ8cUPo7vd6NECZH/8hPpBHHlYI3qzoYFvWu2AdTvZNuU/7hsbKWqu/COU7NIK12dHAAqBLLXgw==}
    engines: {node: '>=18'}
    cpu: [arm]
    os: [linux]

  '@esbuild/linux-ia32@0.25.11':
    resolution: {integrity: sha512-TmnJg8BMGPehs5JKrCLqyWTVAvielc615jbkOirATQvWWB1NMXY77oLMzsUjRLa0+ngecEmDGqt5jiDC6bfvOw==}
    engines: {node: '>=18'}
    cpu: [ia32]
    os: [linux]

  '@esbuild/linux-loong64@0.25.11':
    resolution: {integrity: sha512-DIGXL2+gvDaXlaq8xruNXUJdT5tF+SBbJQKbWy/0J7OhU8gOHOzKmGIlfTTl6nHaCOoipxQbuJi7O++ldrxgMw==}
    engines: {node: '>=18'}
    cpu: [loong64]
    os: [linux]

  '@esbuild/linux-mips64el@0.25.11':
    resolution: {integrity: sha512-Osx1nALUJu4pU43o9OyjSCXokFkFbyzjXb6VhGIJZQ5JZi8ylCQ9/LFagolPsHtgw6himDSyb5ETSfmp4rpiKQ==}
    engines: {node: '>=18'}
    cpu: [mips64el]
    os: [linux]

  '@esbuild/linux-ppc64@0.25.11':
    resolution: {integrity: sha512-nbLFgsQQEsBa8XSgSTSlrnBSrpoWh7ioFDUmwo158gIm5NNP+17IYmNWzaIzWmgCxq56vfr34xGkOcZ7jX6CPw==}
    engines: {node: '>=18'}
    cpu: [ppc64]
    os: [linux]

  '@esbuild/linux-riscv64@0.25.11':
    resolution: {integrity: sha512-HfyAmqZi9uBAbgKYP1yGuI7tSREXwIb438q0nqvlpxAOs3XnZ8RsisRfmVsgV486NdjD7Mw2UrFSw51lzUk1ww==}
    engines: {node: '>=18'}
    cpu: [riscv64]
    os: [linux]

  '@esbuild/linux-s390x@0.25.11':
    resolution: {integrity: sha512-HjLqVgSSYnVXRisyfmzsH6mXqyvj0SA7pG5g+9W7ESgwA70AXYNpfKBqh1KbTxmQVaYxpzA/SvlB9oclGPbApw==}
    engines: {node: '>=18'}
    cpu: [s390x]
    os: [linux]

  '@esbuild/linux-x64@0.25.11':
    resolution: {integrity: sha512-HSFAT4+WYjIhrHxKBwGmOOSpphjYkcswF449j6EjsjbinTZbp8PJtjsVK1XFJStdzXdy/jaddAep2FGY+wyFAQ==}
    engines: {node: '>=18'}
    cpu: [x64]
    os: [linux]

  '@esbuild/netbsd-arm64@0.25.11':
    resolution: {integrity: sha512-hr9Oxj1Fa4r04dNpWr3P8QKVVsjQhqrMSUzZzf+LZcYjZNqhA3IAfPQdEh1FLVUJSiu6sgAwp3OmwBfbFgG2Xg==}
    engines: {node: '>=18'}
    cpu: [arm64]
    os: [netbsd]

  '@esbuild/netbsd-x64@0.25.11':
    resolution: {integrity: sha512-u7tKA+qbzBydyj0vgpu+5h5AeudxOAGncb8N6C9Kh1N4n7wU1Xw1JDApsRjpShRpXRQlJLb9wY28ELpwdPcZ7A==}
    engines: {node: '>=18'}
    cpu: [x64]
    os: [netbsd]

  '@esbuild/openbsd-arm64@0.25.11':
    resolution: {integrity: sha512-Qq6YHhayieor3DxFOoYM1q0q1uMFYb7cSpLD2qzDSvK1NAvqFi8Xgivv0cFC6J+hWVw2teCYltyy9/m/14ryHg==}
    engines: {node: '>=18'}
    cpu: [arm64]
    os: [openbsd]

  '@esbuild/openbsd-x64@0.25.11':
    resolution: {integrity: sha512-CN+7c++kkbrckTOz5hrehxWN7uIhFFlmS/hqziSFVWpAzpWrQoAG4chH+nN3Be+Kzv/uuo7zhX716x3Sn2Jduw==}
    engines: {node: '>=18'}
    cpu: [x64]
    os: [openbsd]

  '@esbuild/openharmony-arm64@0.25.11':
    resolution: {integrity: sha512-rOREuNIQgaiR+9QuNkbkxubbp8MSO9rONmwP5nKncnWJ9v5jQ4JxFnLu4zDSRPf3x4u+2VN4pM4RdyIzDty/wQ==}
    engines: {node: '>=18'}
    cpu: [arm64]
    os: [openharmony]

  '@esbuild/sunos-x64@0.25.11':
    resolution: {integrity: sha512-nq2xdYaWxyg9DcIyXkZhcYulC6pQ2FuCgem3LI92IwMgIZ69KHeY8T4Y88pcwoLIjbed8n36CyKoYRDygNSGhA==}
    engines: {node: '>=18'}
    cpu: [x64]
    os: [sunos]

  '@esbuild/win32-arm64@0.25.11':
    resolution: {integrity: sha512-3XxECOWJq1qMZ3MN8srCJ/QfoLpL+VaxD/WfNRm1O3B4+AZ/BnLVgFbUV3eiRYDMXetciH16dwPbbHqwe1uU0Q==}
    engines: {node: '>=18'}
    cpu: [arm64]
    os: [win32]

  '@esbuild/win32-ia32@0.25.11':
    resolution: {integrity: sha512-3ukss6gb9XZ8TlRyJlgLn17ecsK4NSQTmdIXRASVsiS2sQ6zPPZklNJT5GR5tE/MUarymmy8kCEf5xPCNCqVOA==}
    engines: {node: '>=18'}
    cpu: [ia32]
    os: [win32]

  '@esbuild/win32-x64@0.25.11':
    resolution: {integrity: sha512-D7Hpz6A2L4hzsRpPaCYkQnGOotdUpDzSGRIv9I+1ITdHROSFUWW95ZPZWQmGka1Fg7W3zFJowyn9WGwMJ0+KPA==}
    engines: {node: '>=18'}
    cpu: [x64]
    os: [win32]

  '@oxfmt/binding-android-arm-eabi@0.56.0':
    resolution: {integrity: sha512-CSCxi7ovYojgfdPOdUb9T508HKeAdDIKeRGg7x8IZwVJrWz9gVgX7MbUnFqtQAE4QvoNo07mj2JlwnOzJw4qqA==}
    engines: {node: ^20.19.0 || >=22.12.0}
    cpu: [arm]
    os: [android]

  '@oxfmt/binding-android-arm64@0.56.0':
    resolution: {integrity: sha512-HYJFnd+PkDwf6S9ZPGzXXtjNqvRWFnnhdbWaouh4mi/SxU8wmDuzlMn3xo/wDTGnr4Q1VA7ZzOaE/D4biW0W6A==}
    engines: {node: ^20.19.0 || >=22.12.0}
    cpu: [arm64]
    os: [android]

  '@oxfmt/binding-darwin-arm64@0.56.0':
    resolution: {integrity: sha512-sftR/bEOr+t1gs+evwsHi/Xbq2FAPA2uU3VMr8n6ZU9PoK/IMSfnfu7+OEe/uy1+knhrFl4Wvy7Vkm3uo9mJ7g==}
    engines: {node: ^20.19.0 || >=22.12.0}
    cpu: [arm64]
    os: [darwin]

  '@oxfmt/binding-darwin-x64@0.56.0':
    resolution: {integrity: sha512-z66SdjLqa3MUPKvTp3Mbb5nSjKSbnYxJGeB+Wx987s8T5hPcIRiBMfnJ6zcPgYtQn3x5xjvdzNVkXrSeYH6ZFg==}
    engines: {node: ^20.19.0 || >=22.12.0}
    cpu: [x64]
    os: [darwin]

  '@oxfmt/binding-freebsd-x64@0.56.0':
    resolution: {integrity: sha512-t2tkrV1vtZyaItSQ71dTi2ZVKZEI39b/LqLT12V5KMfIeXK6N32TUC1jhOXKVQmhECq9j2ZXMQV3JeT1kh9Vmg==}
    engines: {node: ^20.19.0 || >=22.12.0}
    cpu: [x64]
    os: [freebsd]

  '@oxfmt/binding-linux-arm-gnueabihf@0.56.0':
    resolution: {integrity: sha512-+gCy+Tp3RHeXQ9y/QrS76lXIpZkbziTyp6hIgjB2MssCwfMph3vG/GEfkhO34Rai1vhYIaUkvv8UT1BcDorJPw==}
    engines: {node: ^20.19.0 || >=22.12.0}
    cpu: [arm]
    os: [linux]

  '@oxfmt/binding-linux-arm-musleabihf@0.56.0':
    resolution: {integrity: sha512-0kKkVvQ2I+FJ2sxQyUu1zJ0yWP5kcWse/yVFnGQSFCXMwSSkfEaUGu0dW774O7nyy3jrcBGap7OSc8dZmU/CdA==}
    engines: {node: ^20.19.0 || >=22.12.0}
    cpu: [arm]
    os: [linux]

  '@oxfmt/binding-linux-arm64-gnu@0.56.0':
    resolution: {integrity: sha512-npkA2siMbyWRh+wEhi1aTAx4RirukGcGNt8V4Ch86pG+xU9aurqS1MZOnKYMu03ISwat3rB6zkQx51SsB9obNw==}
    engines: {node: ^20.19.0 || >=22.12.0}
    cpu: [arm64]
    os: [linux]
    libc: [glibc]

  '@oxfmt/binding-linux-arm64-musl@0.56.0':
    resolution: {integrity: sha512-UekqOjGkV4/MkqreCV9SPIB2jlR3/HbXrmhV1rVXJZ9wfDXMyCMriLtq3tHqLY4PkbVWNtfcm1kMojJ26KLSJw==}
    engines: {node: ^20.19.0 || >=22.12.0}
    cpu: [arm64]
    os: [linux]
    libc: [musl]

  '@oxfmt/binding-linux-ppc64-gnu@0.56.0':
    resolution: {integrity: sha512-XSzveSpeZMD5XJpew5lRFVtNnT04xd3rJxENXmk7wkZzN9oWzv2aFJyoNDhOtoz69BYaS/fg4SYl+CfEZRpB0Q==}
    engines: {node: ^20.19.0 || >=22.12.0}
    cpu: [ppc64]
    os: [linux]
    libc: [glibc]

  '@oxfmt/binding-linux-riscv64-gnu@0.56.0':
    resolution: {integrity: sha512-EkQ0nJa7k7HDDIVuPF7WY+k4k+bzdclLYtyIXNt7/OqVghfNiMym6YGppFBgx1XRIHW6QylxBz5OogumPjPJbQ==}
    engines: {node: ^20.19.0 || >=22.12.0}
    cpu: [riscv64]
    os: [linux]
    libc: [glibc]

  '@oxfmt/binding-linux-riscv64-musl@0.56.0':
    resolution: {integrity: sha512-dyjAGW8jKRge0ik6U/dgvQG0nVpA3iBlRskQTz5qJLvQWIrySxX5jpqzPetLBNIIZ231KA82fDdi1nLTk8ENCw==}
    engines: {node: ^20.19.0 || >=22.12.0}
    cpu: [riscv64]
    os: [linux]
    libc: [musl]

  '@oxfmt/binding-linux-s390x-gnu@0.56.0':
    resolution: {integrity: sha512-60ZGH3LtfqlW8X6vcLdSFY4lvCQYINurttYBKaALnHCDVAUCYJ1LsUgS6p1XOzVlzEDx3yNUZvDF1Lvt59zoZw==}
    engines: {node: ^20.19.0 || >=22.12.0}
    cpu: [s390x]
    os: [linux]
    libc: [glibc]

  '@oxfmt/binding-linux-x64-gnu@0.56.0':
    resolution: {integrity: sha512-u1suj1tgJHK4ZqB7buCtdbNef2n8+d0lXTPJwLHNmtyK6p+DTpsaoDvmqhQrA56fgKYv4LuRxNtL8YooebKOew==}
    engines: {node: ^20.19.0 || >=22.12.0}
    cpu: [x64]
    os: [linux]
    libc: [glibc]

  '@oxfmt/binding-linux-x64-musl@0.56.0':
    resolution: {integrity: sha512-aYGLvlQHt80y+qKEtfJY/Nm27G0125Lv+qyh9SJ4Cjc6lXnXjD+ndfhqQnbV24POpMi7rNRi0jvx/0d70FRpCQ==}
    engines: {node: ^20.19.0 || >=22.12.0}
    cpu: [x64]
    os: [linux]
    libc: [musl]

  '@oxfmt/binding-openharmony-arm64@0.56.0':
    resolution: {integrity: sha512-H/re/gO+7ysVc+kywHNuzY3C33EN9sQcZhg0kp1ZwOZl7y998ZE5mhnBiuGR/nYI0pqLL5xQfrHVUOJ/cIJsCA==}
    engines: {node: ^20.19.0 || >=22.12.0}
    cpu: [arm64]
    os: [openharmony]

  '@oxfmt/binding-win32-arm64-msvc@0.56.0':
    resolution: {integrity: sha512-6qLNXfXmtAs8jXDvYMkxk6Wec5SUJoew+ZX1uOZmqaR7ks0EJFbAohuOCELDyJMWyVlxotVG8Xf8m74Bfq0O2w==}
    engines: {node: ^20.19.0 || >=22.12.0}
    cpu: [arm64]
    os: [win32]

  '@oxfmt/binding-win32-ia32-msvc@0.56.0':
    resolution: {integrity: sha512-UXEXuKphAe15bsob4AswNMArCw38XSmUIs3wk1s6e6MX9OWGW/IRWU95s1hZDiVg09STy1jHgyN2qkqbu1FT0w==}
    engines: {node: ^20.19.0 || >=22.12.0}
    cpu: [ia32]
    os: [win32]

  '@oxfmt/binding-win32-x64-msvc@0.56.0':
    resolution: {integrity: sha512-HPyNDjky+NIOuaMvHZflR+kst3YWdUOH2JUQYkf99grqZ5mEBTQM6h9iGy501Z8Xt5xMScrwHOuVCOlqDrktRw==}
    engines: {node: ^20.19.0 || >=22.12.0}
    cpu: [x64]
    os: [win32]

  '@oxlint-tsgolint/darwin-arm64@0.23.0':
    resolution: {integrity: sha512-gOs9PVr2wEg4ox9z0aJo+RKhhImW86YL5N6yav8BK/rgPsIrwN/igSZ+pbRr723NFvUNKde9fgMhRA6JrXAOZw==}
    cpu: [arm64]
    os: [darwin]

  '@oxlint-tsgolint/darwin-x64@0.23.0':
    resolution: {integrity: sha512-kjJ8B+7n4tB9VJdxS5A9GdJt6/bYpzbu4lXp2uO1S3sRmCB5gDEABlGoiePNApRWaW+xqL4b4xgiE727jSLhuA==}
    cpu: [x64]
    os: [darwin]

  '@oxlint-tsgolint/linux-arm64@0.23.0':
    resolution: {integrity: sha512-6dCZuKNu135seMXilkRk9SpCx6i1XgmiipYGalLij5WVRX6ZYS8c4xI7preN/zv9fCXhsQclTIMDu2Y/cytTjw==}
    cpu: [arm64]
    os: [linux]

  '@oxlint-tsgolint/linux-x64@0.23.0':
    resolution: {integrity: sha512-3bdilnyA7kmSTjK27rvjIjSxL5SIg3wt7vwNiRkouWB83ytssyKnuGvxSYJxgMEmFpSutzaBzcCUM2jDtPGcgA==}
    cpu: [x64]
    os: [linux]

  '@oxlint-tsgolint/win32-arm64@0.23.0':
    resolution: {integrity: sha512-j+OEp44SVYiQ+ZD+uttsX7u6L9SvmbbQ77SO1pSFCcJlsVMeCk8qZsjhKfGKuT/jIA+ipOJMVs/+pqUfObBWNw==}
    cpu: [arm64]
    os: [win32]

  '@oxlint-tsgolint/win32-x64@0.23.0':
    resolution: {integrity: sha512-5MyjFuqf+g8OUPJBSGWHJtmoWnzFJYyOg4To9WMQshZYEWig/vtu7JtJ03VWnzHv9LJkAUeApY0gVCOywFR/iQ==}
    cpu: [x64]
    os: [win32]

  '@oxlint/binding-android-arm-eabi@1.71.0':
    resolution: {integrity: sha512-ImGmd1njEg4FEJH03jhRnveEegtO3czCtfptvaHivKAZQIYATbVFBrrzbaYMYv0oJioTnxZAZVSyV+oL7W8S2g==}
    engines: {node: ^20.19.0 || >=22.12.0}
    cpu: [arm]
    os: [android]

  '@oxlint/binding-android-arm64@1.71.0':
    resolution: {integrity: sha512-4A5BEexBrwY1YFF8Kiq/lp/wQPRG79G3BWIE1FuWaM5MvmpYSd+7ZySVcKkHdwo0UDzdQGddp6pD9mpctMqLnw==}
    engines: {node: ^20.19.0 || >=22.12.0}
    cpu: [arm64]
    os: [android]

  '@oxlint/binding-darwin-arm64@1.71.0':
    resolution: {integrity: sha512-9wJA9GJulLwS2usU3CEisI/ESDO1n1z9eyTCvApMDrAkbJ1ve0mORgTMjcWWsKxkzkeZ2N/Gpra5IQE7x8tYgQ==}
    engines: {node: ^20.19.0 || >=22.12.0}
    cpu: [arm64]
    os: [darwin]

  '@oxlint/binding-darwin-x64@1.71.0':
    resolution: {integrity: sha512-PlLCjS06V0PeJMAJwzjrExw1sYNW9Gch3JtNlcwwZDXGlTYDuwHNN89zYH8LTXFfgkVtsYvs2nv0FqrzyuFDzg==}
    engines: {node: ^20.19.0 || >=22.12.0}
    cpu: [x64]
    os: [darwin]

  '@oxlint/binding-freebsd-x64@1.71.0':
    resolution: {integrity: sha512-Lhil7bWre0ncxbUoDoxfS0JzpTz17BRQKW7iwoAUY8GJ66+WwJEfYPCFJ1P0WgVZR5/O/b3Q2pENlHOjeXLOGQ==}
    engines: {node: ^20.19.0 || >=22.12.0}
    cpu: [x64]
    os: [freebsd]

  '@oxlint/binding-linux-arm-gnueabihf@1.71.0':
    resolution: {integrity: sha512-Oo9/L58PYD3RC0x05d2upAPLllHytTjHQGsnC06P6Ynn7jKkp5mdImQxXdJ3+FnBaKspNpGogzgVsi6g872LiA==}
    engines: {node: ^20.19.0 || >=22.12.0}
    cpu: [arm]
    os: [linux]

  '@oxlint/binding-linux-arm-musleabihf@1.71.0':
    resolution: {integrity: sha512-mSHfyfgJrEbyIR29ejaeS50BdPk+GoNPlC1dckpDiUZbJAIel68sjSMdOt4WY0/gva+ECC7FNITQkxMJU+vSBw==}
    engines: {node: ^20.19.0 || >=22.12.0}
    cpu: [arm]
    os: [linux]

  '@oxlint/binding-linux-arm64-gnu@1.71.0':
    resolution: {integrity: sha512-n9yY4M2tiy3aij4AqtlnspzpfdpeT5JQfK2/w2d8oyp5W0FRwOb1dIeX99nORNcxGr08iD9bH8N5XFz3I2iy8w==}
    engines: {node: ^20.19.0 || >=22.12.0}
    cpu: [arm64]
    os: [linux]
    libc: [glibc]

  '@oxlint/binding-linux-arm64-musl@1.71.0':
    resolution: {integrity: sha512-fJZrs5sDZtTaPIOiemRQQmo82Ezy+vOGXemPc4Ok7iVVsYsFa7SlW6Z5XN819VfsqBHRm3NJ3rTdnR8+bJYJdQ==}
    engines: {node: ^20.19.0 || >=22.12.0}
    cpu: [arm64]
    os: [linux]
    libc: [musl]

  '@oxlint/binding-linux-ppc64-gnu@1.71.0':
    resolution: {integrity: sha512-cwl7VKGERIy9p+G+AvZdfy/06q0aHXaTt/mMRReC751iuNYJgqKjB7NydXSS30nBT9vtr2tunciOtrR4fD6FUA==}
    engines: {node: ^20.19.0 || >=22.12.0}
    cpu: [ppc64]
    os: [linux]
    libc: [glibc]

  '@oxlint/binding-linux-riscv64-gnu@1.71.0':
    resolution: {integrity: sha512-eZ8ieVXvzGi8jr7+ybQGPK2STw3mldfxZlgA2738iflfB/rzA69sE6m5rDRpQaxC7dpm745Enlh1Tod0QAk9Gg==}
    engines: {node: ^20.19.0 || >=22.12.0}
    cpu: [riscv64]
    os: [linux]
    libc: [glibc]

  '@oxlint/binding-linux-riscv64-musl@1.71.0':
    resolution: {integrity: sha512-puMDbQYe6+NXwfMusojoA7CXGn2b3utukmd23PQqc1E3XhVCwyZ+FueSMzDYeNgDV2dUfIVXAAKZBcFDeCL6sA==}
    engines: {node: ^20.19.0 || >=22.12.0}
    cpu: [riscv64]
    os: [linux]
    libc: [musl]

  '@oxlint/binding-linux-s390x-gnu@1.71.0':
    resolution: {integrity: sha512-4NJLxBs1ujISCt3L/1FcywLs73PWtJuw+piD6feK2V6h6OS6P7xu9/sWt1DTRLibe6QCzmfZzmM/2HPORoV/Lg==}
    engines: {node: ^20.19.0 || >=22.12.0}
    cpu: [s390x]
    os: [linux]
    libc: [glibc]

  '@oxlint/binding-linux-x64-gnu@1.71.0':
    resolution: {integrity: sha512-cFDaiR8L3430qp88tfZnvFlt3KotFhR/DlbIL0nHOMMYiG/9Wy4l+6f7t8G8pTa9bd8Lt8+M0y/qjRQ/xcB74g==}
    engines: {node: ^20.19.0 || >=22.12.0}
    cpu: [x64]
    os: [linux]
    libc: [glibc]

  '@oxlint/binding-linux-x64-musl@1.71.0':
    resolution: {integrity: sha512-orfixdt76KlpNly9z0PkWBBNfwjKz+JFVLP/7wnVchlKNU9Dpt9InU/ZggeSej6fC7qwHmHNOGlhLnQXcYoGuA==}
    engines: {node: ^20.19.0 || >=22.12.0}
    cpu: [x64]
    os: [linux]
    libc: [musl]

  '@oxlint/binding-openharmony-arm64@1.71.0':
    resolution: {integrity: sha512-9emQu2lAp6yhPB3XuI+++vR+l/o6JR1X+EpxwcumPdQXBWXEPAsquPGL7l158EqU8SebQMXTUa/S5zN98juyHw==}
    engines: {node: ^20.19.0 || >=22.12.0}
    cpu: [arm64]
    os: [openharmony]

  '@oxlint/binding-win32-arm64-msvc@1.71.0':
    resolution: {integrity: sha512-bd5kI8spYwTm3BILDtGhi73zoup5dw8MlPQNT8YB3BD5UIsjNe3K9/4ctrzQMX4SZMoK5HgzVLkLJzacEXB7fA==}
    engines: {node: ^20.19.0 || >=22.12.0}
    cpu: [arm64]
    os: [win32]

  '@oxlint/binding-win32-ia32-msvc@1.71.0':
    resolution: {integrity: sha512-W4HvOHGzVLHcrmFu+bMrJlho+/yrlX5ZNdJZqGe8MEldkQG+RHYhxxad9P4jvWAYFmIqUA5i9DQ8QsJqSU9GIw==}
    engines: {node: ^20.19.0 || >=22.12.0}
    cpu: [ia32]
    os: [win32]

  '@oxlint/binding-win32-x64-msvc@1.71.0':
    resolution: {integrity: sha512-D2kyEIPHk/G/wiZLnwTVC/sVst+T/lKldVOjAFpgTIBUAOlry72e5OiapDbDBF4LfJLkN5ypJb/8Eu6yJzkveQ==}
    engines: {node: ^20.19.0 || >=22.12.0}
    cpu: [x64]
    os: [win32]

  esbuild@0.25.11:
    resolution: {integrity: sha512-KohQwyzrKTQmhXDW1PjCv3Tyspn9n5GcY2RTDqeORIdIJY8yKIF7sTSopFmn/wpMPW4rdPXI0UE5LJLuq3bx0Q==}
    engines: {node: '>=18'}
    hasBin: true

  js-tokens@4.0.0:
    resolution: {integrity: sha512-RdJUflcE3cUzKiMqQgsCu06FPu9UdIJO0beYbPhHN4k6apgJtifcoCtT9bcxOpYBtpD2kCM6Sbzg4CausW/PKQ==}

  loose-envify@1.4.0:
    resolution: {integrity: sha512-lyuxPGr/Wfhrlem2CL/UcnUc1zcqKAImBDzukY7Y5F/yQiNdko6+fRLevlw1HgMySw7f611UIY408EtxRSoK3Q==}
    hasBin: true

  object-assign@4.1.1:
    resolution: {integrity: sha512-rJgTQnkUnH1sFw8yT6VSU3zD3sWmu6sZhIseY8VX+GRu3P6F7Fu+JNDoXfklElbLJSnc3FUQHVe4cU5hj+BcUg==}
    engines: {node: '>=0.10.0'}

  oxfmt@0.56.0:
    resolution: {integrity: sha512-9Dv0wV3zKiyvhjD7bRKaInKmHQ1sPx3RGOjQkGFJbbdQ16576yf8qhMSO9Q9cvHcs+1NpBsRTkuDDYFFPTJ6gw==}
    engines: {node: ^20.19.0 || >=22.12.0}
    hasBin: true
    peerDependencies:
      svelte: ^5.0.0
      vite-plus: '*'
    peerDependenciesMeta:
      svelte:
        optional: true
      vite-plus:
        optional: true

  oxlint-tsgolint@0.23.0:
    resolution: {integrity: sha512-3mBv3CoPbh8dFbzfDGIWa2ytZjn2v+3EX4aKRXjIhsoGFzG8GCjfRirz3rwZf1wYbZzsNLTSgpw8VjQuWdp/jA==}
    hasBin: true

  oxlint@1.71.0:
    resolution: {integrity: sha512-U1m1X+C0vDj7DC1e13IoZULzEcPczE7UOMTs8VlZGHUEIUaSTZKo5qkPsQEfzpgnQ29Pea/w3Xntk62UCecxZw==}
    engines: {node: ^20.19.0 || >=22.12.0}
    hasBin: true
    peerDependencies:
      oxlint-tsgolint: '>=0.22.1'
      vite-plus: '*'
    peerDependenciesMeta:
      oxlint-tsgolint:
        optional: true
      vite-plus:
        optional: true

  react-is@18.3.1:
    resolution: {integrity: sha512-/LLMVyas0ljjAtoYiPqYiL8VWXzUUdThrmU5+n20DZv+a+ClRoevUzw5JxU+Ieh5/c87ytoTBV9G1FiKfNJdmg==}

  react-shallow-renderer@16.15.0:
    resolution: {integrity: sha512-oScf2FqQ9LFVQgA73vr86xl2NaOIX73rh+YFqcOp68CWj56tSfgtGKrEbyhCj0rSijyG9M1CYprTh39fBi5hzA==}
    peerDependencies:
      react: ^16.0.0 || ^17.0.0 || ^18.0.0

  react-test-renderer@18.3.1:
    resolution: {integrity: sha512-KkAgygexHUkQqtvvx/otwxtuFu5cVjfzTCtjXLH9boS19/Nbtg84zS7wIQn39G8IlrhThBpQsMKkq5ZHZIYFXA==}
    peerDependencies:
      react: ^18.3.1

  react@18.3.1:
    resolution: {integrity: sha512-wS+hAgJShR0KhEvPJArfuPVN1+Hz1t0Y6n5jLrGQbkb4urgPE/0Rve+1kMB1v/oWgHgm4WIcV+i7F2pTVj+2iQ==}
    engines: {node: '>=0.10.0'}

  scheduler@0.23.2:
    resolution: {integrity: sha512-UOShsPwz7NrMUqhR6t0hWjFduvOzbtv7toDH1/hIrfRNIDBnnBWd0CwJTGvTpngVlmwGCdP9/Zl/tVrDqcuYzQ==}

  tinypool@2.1.0:
    resolution: {integrity: sha512-Pugqs6M0m7Lv1I7FtxN4aoyToKg1C4tu+/381vH35y8oENM/Ai7f7C4StcoK4/+BSw9ebcS8jRiVrORFKCALLw==}
    engines: {node: ^20.0.0 || >=22.0.0}

snapshots:

  '@esbuild/aix-ppc64@0.25.11':
    optional: true

  '@esbuild/android-arm64@0.25.11':
    optional: true

  '@esbuild/android-arm@0.25.11':
    optional: true

  '@esbuild/android-x64@0.25.11':
    optional: true

  '@esbuild/darwin-arm64@0.25.11':
    optional: true

  '@esbuild/darwin-x64@0.25.11':
    optional: true

  '@esbuild/freebsd-arm64@0.25.11':
    optional: true

  '@esbuild/freebsd-x64@0.25.11':
    optional: true

  '@esbuild/linux-arm64@0.25.11':
    optional: true

  '@esbuild/linux-arm@0.25.11':
    optional: true

  '@esbuild/linux-ia32@0.25.11':
    optional: true

  '@esbuild/linux-loong64@0.25.11':
    optional: true

  '@esbuild/linux-mips64el@0.25.11':
    optional: true

  '@esbuild/linux-ppc64@0.25.11':
    optional: true

  '@esbuild/linux-riscv64@0.25.11':
    optional: true

  '@esbuild/linux-s390x@0.25.11':
    optional: true

  '@esbuild/linux-x64@0.25.11':
    optional: true

  '@esbuild/netbsd-arm64@0.25.11':
    optional: true

  '@esbuild/netbsd-x64@0.25.11':
    optional: true

  '@esbuild/openbsd-arm64@0.25.11':
    optional: true

  '@esbuild/openbsd-x64@0.25.11':
    optional: true

  '@esbuild/openharmony-arm64@0.25.11':
    optional: true

  '@esbuild/sunos-x64@0.25.11':
    optional: true

  '@esbuild/win32-arm64@0.25.11':
    optional: true

  '@esbuild/win32-ia32@0.25.11':
    optional: true

  '@esbuild/win32-x64@0.25.11':
    optional: true

  '@oxfmt/binding-android-arm-eabi@0.56.0':
    optional: true

  '@oxfmt/binding-android-arm64@0.56.0':
    optional: true

  '@oxfmt/binding-darwin-arm64@0.56.0':
    optional: true

  '@oxfmt/binding-darwin-x64@0.56.0':
    optional: true

  '@oxfmt/binding-freebsd-x64@0.56.0':
    optional: true

  '@oxfmt/binding-linux-arm-gnueabihf@0.56.0':
    optional: true

  '@oxfmt/binding-linux-arm-musleabihf@0.56.0':
    optional: true

  '@oxfmt/binding-linux-arm64-gnu@0.56.0':
    optional: true

  '@oxfmt/binding-linux-arm64-musl@0.56.0':
    optional: true

  '@oxfmt/binding-linux-ppc64-gnu@0.56.0':
    optional: true

  '@oxfmt/binding-linux-riscv64-gnu@0.56.0':
    optional: true

  '@oxfmt/binding-linux-riscv64-musl@0.56.0':
    optional: true

  '@oxfmt/binding-linux-s390x-gnu@0.56.0':
    optional: true

  '@oxfmt/binding-linux-x64-gnu@0.56.0':
    optional: true

  '@oxfmt/binding-linux-x64-musl@0.56.0':
    optional: true

  '@oxfmt/binding-openharmony-arm64@0.56.0':
    optional: true

  '@oxfmt/binding-win32-arm64-msvc@0.56.0':
    optional: true

  '@oxfmt/binding-win32-ia32-msvc@0.56.0':
    optional: true

  '@oxfmt/binding-win32-x64-msvc@0.56.0':
    optional: true

  '@oxlint-tsgolint/darwin-arm64@0.23.0':
    optional: true

  '@oxlint-tsgolint/darwin-x64@0.23.0':
    optional: true

  '@oxlint-tsgolint/linux-arm64@0.23.0':
    optional: true

  '@oxlint-tsgolint/linux-x64@0.23.0':
    optional: true

  '@oxlint-tsgolint/win32-arm64@0.23.0':
    optional: true

  '@oxlint-tsgolint/win32-x64@0.23.0':
    optional: true

  '@oxlint/binding-android-arm-eabi@1.71.0':
    optional: true

  '@oxlint/binding-android-arm64@1.71.0':
    optional: true

  '@oxlint/binding-darwin-arm64@1.71.0':
    optional: true

  '@oxlint/binding-darwin-x64@1.71.0':
    optional: true

  '@oxlint/binding-freebsd-x64@1.71.0':
    optional: true

  '@oxlint/binding-linux-arm-gnueabihf@1.71.0':
    optional: true

  '@oxlint/binding-linux-arm-musleabihf@1.71.0':
    optional: true

  '@oxlint/binding-linux-arm64-gnu@1.71.0':
    optional: true

  '@oxlint/binding-linux-arm64-musl@1.71.0':
    optional: true

  '@oxlint/binding-linux-ppc64-gnu@1.71.0':
    optional: true

  '@oxlint/binding-linux-riscv64-gnu@1.71.0':
    optional: true

  '@oxlint/binding-linux-riscv64-musl@1.71.0':
    optional: true

  '@oxlint/binding-linux-s390x-gnu@1.71.0':
    optional: true

  '@oxlint/binding-linux-x64-gnu@1.71.0':
    optional: true

  '@oxlint/binding-linux-x64-musl@1.71.0':
    optional: true

  '@oxlint/binding-openharmony-arm64@1.71.0':
    optional: true

  '@oxlint/binding-win32-arm64-msvc@1.71.0':
    optional: true

  '@oxlint/binding-win32-ia32-msvc@1.71.0':
    optional: true

  '@oxlint/binding-win32-x64-msvc@1.71.0':
    optional: true

  esbuild@0.25.11:
    optionalDependencies:
      '@esbuild/aix-ppc64': 0.25.11
      '@esbuild/android-arm': 0.25.11
      '@esbuild/android-arm64': 0.25.11
      '@esbuild/android-x64': 0.25.11
      '@esbuild/darwin-arm64': 0.25.11
      '@esbuild/darwin-x64': 0.25.11
      '@esbuild/freebsd-arm64': 0.25.11
      '@esbuild/freebsd-x64': 0.25.11
      '@esbuild/linux-arm': 0.25.11
      '@esbuild/linux-arm64': 0.25.11
      '@esbuild/linux-ia32': 0.25.11
      '@esbuild/linux-loong64': 0.25.11
      '@esbuild/linux-mips64el': 0.25.11
      '@esbuild/linux-ppc64': 0.25.11
      '@esbuild/linux-riscv64': 0.25.11
      '@esbuild/linux-s390x': 0.25.11
      '@esbuild/linux-x64': 0.25.11
      '@esbuild/netbsd-arm64': 0.25.11
      '@esbuild/netbsd-x64': 0.25.11
      '@esbuild/openbsd-arm64': 0.25.11
      '@esbuild/openbsd-x64': 0.25.11
      '@esbuild/openharmony-arm64': 0.25.11
      '@esbuild/sunos-x64': 0.25.11
      '@esbuild/win32-arm64': 0.25.11
      '@esbuild/win32-ia32': 0.25.11
      '@esbuild/win32-x64': 0.25.11

  js-tokens@4.0.0: {}

  loose-envify@1.4.0:
    dependencies:
      js-tokens: 4.0.0

  object-assign@4.1.1: {}

  oxfmt@0.56.0:
    dependencies:
      tinypool: 2.1.0
    optionalDependencies:
      '@oxfmt/binding-android-arm-eabi': 0.56.0
      '@oxfmt/binding-android-arm64': 0.56.0
      '@oxfmt/binding-darwin-arm64': 0.56.0
      '@oxfmt/binding-darwin-x64': 0.56.0
      '@oxfmt/binding-freebsd-x64': 0.56.0
      '@oxfmt/binding-linux-arm-gnueabihf': 0.56.0
      '@oxfmt/binding-linux-arm-musleabihf': 0.56.0
      '@oxfmt/binding-linux-arm64-gnu': 0.56.0
      '@oxfmt/binding-linux-arm64-musl': 0.56.0
      '@oxfmt/binding-linux-ppc64-gnu': 0.56.0
      '@oxfmt/binding-linux-riscv64-gnu': 0.56.0
      '@oxfmt/binding-linux-riscv64-musl': 0.56.0
      '@oxfmt/binding-linux-s390x-gnu': 0.56.0
      '@oxfmt/binding-linux-x64-gnu': 0.56.0
      '@oxfmt/binding-linux-x64-musl': 0.56.0
      '@oxfmt/binding-openharmony-arm64': 0.56.0
      '@oxfmt/binding-win32-arm64-msvc': 0.56.0
      '@oxfmt/binding-win32-ia32-msvc': 0.56.0
      '@oxfmt/binding-win32-x64-msvc': 0.56.0

  oxlint-tsgolint@0.23.0:
    optionalDependencies:
      '@oxlint-tsgolint/darwin-arm64': 0.23.0
      '@oxlint-tsgolint/darwin-x64': 0.23.0
      '@oxlint-tsgolint/linux-arm64': 0.23.0
      '@oxlint-tsgolint/linux-x64': 0.23.0
      '@oxlint-tsgolint/win32-arm64': 0.23.0
      '@oxlint-tsgolint/win32-x64': 0.23.0

  oxlint@1.71.0(oxlint-tsgolint@0.23.0):
    optionalDependencies:
      '@oxlint/binding-android-arm-eabi': 1.71.0
      '@oxlint/binding-android-arm64': 1.71.0
      '@oxlint/binding-darwin-arm64': 1.71.0
      '@oxlint/binding-darwin-x64': 1.71.0
      '@oxlint/binding-freebsd-x64': 1.71.0
      '@oxlint/binding-linux-arm-gnueabihf': 1.71.0
      '@oxlint/binding-linux-arm-musleabihf': 1.71.0
      '@oxlint/binding-linux-arm64-gnu': 1.71.0
      '@oxlint/binding-linux-arm64-musl': 1.71.0
      '@oxlint/binding-linux-ppc64-gnu': 1.71.0
      '@oxlint/binding-linux-riscv64-gnu': 1.71.0
      '@oxlint/binding-linux-riscv64-musl': 1.71.0
      '@oxlint/binding-linux-s390x-gnu': 1.71.0
      '@oxlint/binding-linux-x64-gnu': 1.71.0
      '@oxlint/binding-linux-x64-musl': 1.71.0
      '@oxlint/binding-openharmony-arm64': 1.71.0
      '@oxlint/binding-win32-arm64-msvc': 1.71.0
      '@oxlint/binding-win32-ia32-msvc': 1.71.0
      '@oxlint/binding-win32-x64-msvc': 1.71.0
      oxlint-tsgolint: 0.23.0

  react-is@18.3.1: {}

  react-shallow-renderer@16.15.0(react@18.3.1):
    dependencies:
      object-assign: 4.1.1
      react: 18.3.1
      react-is: 18.3.1

  react-test-renderer@18.3.1(react@18.3.1):
    dependencies:
      react: 18.3.1
      react-is: 18.3.1
      react-shallow-renderer: 16.15.0(react@18.3.1)
      scheduler: 0.23.2

  react@18.3.1:
    dependencies:
      loose-envify: 1.4.0

  scheduler@0.23.2:
    dependencies:
      loose-envify: 1.4.0

  tinypool@2.1.0: {}
